{
  "name": "three.js-tests",
  "version": "1.0.0",
  "lockfileVersion": 1,
  "requires": true,
  "dependencies": {
    "@tweenjs/tween.js": {
      "version": "17.2.0",
      "resolved": "https://registry.npmjs.org/@tweenjs/tween.js/-/tween.js-17.2.0.tgz",
      "integrity": "sha1-IfibcJuvxLMDra56g7TzWg2eR5Y="
    },
    "ar.js": {
      "version": "1.6.2",
      "resolved": "https://registry.npmjs.org/ar.js/-/ar.js-1.6.2.tgz",
      "integrity": "sha512-DyY2p+burggQXTbhBdYVZCCxtmUufJuj4JhbNT3gYbPMvJR1NafpvNihf5Bdel3QBkwy+uRgDfoOm3Gj7OyhPg=="
    },
    "stats.js": {
      "version": "0.17.0",
      "resolved": "https://registry.npmjs.org/stats.js/-/stats.js-0.17.0.tgz",
      "integrity": "sha1-scPcRtlEmLV4t/05hbgaznExzH0="
    },
    "three": {
      "version": "0.108.0",
      "resolved": "https://registry.npmjs.org/three/-/three-0.108.0.tgz",
      "integrity": "sha512-d1ysIXwi8qTlbmMwrTxi5pYiiYIflEr0e48krP0LAY8ndS8c6fkLHn6NvRT+o76/Fs9PBLxFViuI62iGVWwwlg=="
    }
  }
}
